// !$*UTF8*$!
{
	archiveVersion = 1;
	classes = {
	};
	objectVersion = 50;
	objects = {

/* Begin PBXBuildFile section */
		513B6EA622C2A07100C3BA19 /* AppDelegate.swift in Sources */ = {isa = PBXBuildFile; fileRef = 513B6EA522C2A07100C3BA19 /* AppDelegate.swift */; };
		513B6EA822C2A07100C3BA19 /* SceneDelegate.swift in Sources */ = {isa = PBXBuildFile; fileRef = 513B6EA722C2A07100C3BA19 /* SceneDelegate.swift */; };
		513B6EAA22C2A07100C3BA19 /* ViewController.swift in Sources */ = {isa = PBXBuildFile; fileRef = 513B6EA922C2A07100C3BA19 /* ViewController.swift */; };
		513B6EAD22C2A07100C3BA19 /* Main.storyboard in Resources */ = {isa = PBXBuildFile; fileRef = 513B6EAB22C2A07100C3BA19 /* Main.storyboard */; };
		513B6EAF22C2A07300C3BA19 /* Assets.xcassets in Resources */ = {isa = PBXBuildFile; fileRef = 513B6EAE22C2A07300C3BA19 /* Assets.xcassets */; };
		513B6EB222C2A07300C3BA19 /* LaunchScreen.storyboard in Resources */ = {isa = PBXBuildFile; fileRef = 513B6EB022C2A07300C3BA19 /* LaunchScreen.storyboard */; };
		513B6EBA22C2BA9400C3BA19 /* ScannedDocument.swift in Sources */ = {isa = PBXBuildFile; fileRef = 513B6EB922C2BA9400C3BA19 /* ScannedDocument.swift */; };
		513B6EBC22C2BB4200C3BA19 /* Helper.swift in Sources */ = {isa = PBXBuildFile; fileRef = 513B6EBB22C2BB4200C3BA19 /* Helper.swift */; };
		518EAAAB22CAE9B90064CECC /* SimulatedDocumentCameraViewController.swift in Sources */ = {isa = PBXBuildFile; fileRef = 518EAAAA22CAE9B90064CECC /* SimulatedDocumentCameraViewController.swift */; };
		519E878E22C3C5FA009AA8CE /* ImageCell.swift in Sources */ = {isa = PBXBuildFile; fileRef = 519E878D22C3C5FA009AA8CE /* ImageCell.swift */; };
		519E879022C3D7DB009AA8CE /* UploadViewController.swift in Sources */ = {isa = PBXBuildFile; fileRef = 519E878F22C3D7DA009AA8CE /* UploadViewController.swift */; };
		519E879222C3F7F3009AA8CE /* LabelBadge.swift in Sources */ = {isa = PBXBuildFile; fileRef = 519E879122C3F7F3009AA8CE /* LabelBadge.swift */; };
/* End PBXBuildFile section */

/* Begin PBXFileReference section */
		513B6EA222C2A07100C3BA19 /* iRemember.app */ = {isa = PBXFileReference; explicitFileType = wrapper.application; includeInIndex = 0; path = iRemember.app; sourceTree = BUILT_PRODUCTS_DIR; };
		513B6EA522C2A07100C3BA19 /* AppDelegate.swift */ = {isa = PBXFileReference; lastKnownFileType = sourcecode.swift; path = AppDelegate.swift; sourceTree = "<group>"; };
		513B6EA722C2A07100C3BA19 /* SceneDelegate.swift */ = {isa = PBXFileReference; lastKnownFileType = sourcecode.swift; path = SceneDelegate.swift; sourceTree = "<group>"; };
		513B6EA922C2A07100C3BA19 /* ViewController.swift */ = {isa = PBXFileReference; lastKnownFileType = sourcecode.swift; path = ViewController.swift; sourceTree = "<group>"; };
		513B6EAC22C2A07100C3BA19 /* Base */ = {isa = PBXFileReference; lastKnownFileType = file.storyboard; name = Base; path = Base.lproj/Main.storyboard; sourceTree = "<group>"; };
		513B6EAE22C2A07300C3BA19 /* Assets.xcassets */ = {isa = PBXFileReference; lastKnownFileType = folder.assetcatalog; path = Assets.xcassets; sourceTree = "<group>"; };
		513B6EB122C2A07300C3BA19 /* Base */ = {isa = PBXFileReference; lastKnownFileType = file.storyboard; name = Base; path = Base.lproj/LaunchScreen.storyboard; sourceTree = "<group>"; };
		513B6EB322C2A07300C3BA19 /* Info.plist */ = {isa = PBXFileReference; lastKnownFileType = text.plist.xml; path = Info.plist; sourceTree = "<group>"; };
		513B6EB922C2BA9400C3BA19 /* ScannedDocument.swift */ = {isa = PBXFileReference; lastKnownFileType = sourcecode.swift; path = ScannedDocument.swift; sourceTree = "<group>"; };
		513B6EBB22C2BB4200C3BA19 /* Helper.swift */ = {isa = PBXFileReference; fileEncoding = 4; lastKnownFileType = sourcecode.swift; path = Helper.swift; sourceTree = "<group>"; };
		513B6EBD22C2E4C400C3BA19 /* iRemember.entitlements */ = {isa = PBXFileReference; lastKnownFileType = text.plist.entitlements; path = iRemember.entitlements; sourceTree = "<group>"; };
		518EAAAA22CAE9B90064CECC /* SimulatedDocumentCameraViewController.swift */ = {isa = PBXFileReference; fileEncoding = 4; lastKnownFileType = sourcecode.swift; path = SimulatedDocumentCameraViewController.swift; sourceTree = "<group>"; };
		519E878D22C3C5FA009AA8CE /* ImageCell.swift */ = {isa = PBXFileReference; lastKnownFileType = sourcecode.swift; path = ImageCell.swift; sourceTree = "<group>"; };
		519E878F22C3D7DA009AA8CE /* UploadViewController.swift */ = {isa = PBXFileReference; lastKnownFileType = sourcecode.swift; path = UploadViewController.swift; sourceTree = "<group>"; };
		519E879122C3F7F3009AA8CE /* LabelBadge.swift */ = {isa = PBXFileReference; lastKnownFileType = sourcecode.swift; path = LabelBadge.swift; sourceTree = "<group>"; };
/* End PBXFileReference section */

/* Begin PBXFrameworksBuildPhase section */
		513B6E9F22C2A07100C3BA19 /* Frameworks */ = {
			isa = PBXFrameworksBuildPhase;
			buildActionMask = 2147483647;
			files = (
			);
			runOnlyForDeploymentPostprocessing = 0;
		};
/* End PBXFrameworksBuildPhase section */

/* Begin PBXGroup section */
		513B6E9922C2A07100C3BA19 = {
			isa = PBXGroup;
			children = (
				513B6EA422C2A07100C3BA19 /* iRemember */,
				513B6EA322C2A07100C3BA19 /* Products */,
			);
			sourceTree = "<group>";
		};
		513B6EA322C2A07100C3BA19 /* Products */ = {
			isa = PBXGroup;
			children = (
				513B6EA222C2A07100C3BA19 /* iRemember.app */,
			);
			name = Products;
			sourceTree = "<group>";
		};
		513B6EA422C2A07100C3BA19 /* iRemember */ = {
			isa = PBXGroup;
			children = (
				513B6EBD22C2E4C400C3BA19 /* iRemember.entitlements */,
				513B6EA522C2A07100C3BA19 /* AppDelegate.swift */,
				513B6EA722C2A07100C3BA19 /* SceneDelegate.swift */,
				513B6EA922C2A07100C3BA19 /* ViewController.swift */,
				519E878F22C3D7DA009AA8CE /* UploadViewController.swift */,
				513B6EB922C2BA9400C3BA19 /* ScannedDocument.swift */,
				519E879122C3F7F3009AA8CE /* LabelBadge.swift */,
				519E878D22C3C5FA009AA8CE /* ImageCell.swift */,
				513B6EBB22C2BB4200C3BA19 /* Helper.swift */,
				518EAAAA22CAE9B90064CECC /* SimulatedDocumentCameraViewController.swift */,
				513B6EAB22C2A07100C3BA19 /* Main.storyboard */,
				513B6EAE22C2A07300C3BA19 /* Assets.xcassets */,
				513B6EB022C2A07300C3BA19 /* LaunchScreen.storyboard */,
				513B6EB322C2A07300C3BA19 /* Info.plist */,
			);
			path = iRemember;
			sourceTree = "<group>";
		};
/* End PBXGroup section */

/* Begin PBXNativeTarget section */
		513B6EA122C2A07100C3BA19 /* iRemember */ = {
			isa = PBXNativeTarget;
			buildConfigurationList = 513B6EB622C2A07300C3BA19 /* Build configuration list for PBXNativeTarget "iRemember" */;
			buildPhases = (
				513B6E9E22C2A07100C3BA19 /* Sources */,
				513B6E9F22C2A07100C3BA19 /* Frameworks */,
				513B6EA022C2A07100C3BA19 /* Resources */,
			);
			buildRules = (
			);
			dependencies = (
			);
			name = iRemember;
			productName = iRemember;
			productReference = 513B6EA222C2A07100C3BA19 /* iRemember.app */;
			productType = "com.apple.product-type.application";
		};
/* End PBXNativeTarget section */

/* Begin PBXProject section */
		513B6E9A22C2A07100C3BA19 /* Project object */ = {
			isa = PBXProject;
			attributes = {
				LastSwiftUpdateCheck = 1100;
				LastUpgradeCheck = 1100;
				ORGANIZATIONNAME = "Hacking with Swift";
				TargetAttributes = {
					513B6EA122C2A07100C3BA19 = {
						CreatedOnToolsVersion = 11.0;
					};
				};
			};
			buildConfigurationList = 513B6E9D22C2A07100C3BA19 /* Build configuration list for PBXProject "iRemember" */;
			compatibilityVersion = "Xcode 9.3";
			developmentRegion = en;
			hasScannedForEncodings = 0;
			knownRegions = (
				en,
				Base,
			);
			mainGroup = 513B6E9922C2A07100C3BA19;
			productRefGroup = 513B6EA322C2A07100C3BA19 /* Products */;
			projectDirPath = "";
			projectRoot = "";
			targets = (
				513B6EA122C2A07100C3BA19 /* iRemember */,
			);
		};
/* End PBXProject section */

/* Begin PBXResourcesBuildPhase section */
		513B6EA022C2A07100C3BA19 /* Resources */ = {
			isa = PBXResourcesBuildPhase;
			buildActionMask = 2147483647;
			files = (
				513B6EB222C2A07300C3BA19 /* LaunchScreen.storyboard in Resources */,
				513B6EAF22C2A07300C3BA19 /* Assets.xcassets in Resources */,
				513B6EAD22C2A07100C3BA19 /* Main.storyboard in Resources */,
			);
			runOnlyForDeploymentPostprocessing = 0;
		};
/* End PBXResourcesBuildPhase section */

/* Begin PBXSourcesBuildPhase section */
		513B6E9E22C2A07100C3BA19 /* Sources */ = {
			isa = PBXSourcesBuildPhase;
			buildActionMask = 2147483647;
			files = (
				513B6EBC22C2BB4200C3BA19 /* Helper.swift in Sources */,
				519E879222C3F7F3009AA8CE /* LabelBadge.swift in Sources */,
				518EAAAB22CAE9B90064CECC /* SimulatedDocumentCameraViewController.swift in Sources */,
				519E879022C3D7DB009AA8CE /* UploadViewController.swift in Sources */,
				513B6EBA22C2BA9400C3BA19 /* ScannedDocument.swift in Sources */,
				513B6EAA22C2A07100C3BA19 /* ViewController.swift in Sources */,
				513B6EA622C2A07100C3BA19 /* AppDelegate.swift in Sources */,
				519E878E22C3C5FA009AA8CE /* ImageCell.swift in Sources */,
				513B6EA822C2A07100C3BA19 /* SceneDelegate.swift in Sources */,
			);
			runOnlyForDeploymentPostprocessing = 0;
		};
/* End PBXSourcesBuildPhase section */

/* Begin PBXVariantGroup section */
		513B6EAB22C2A07100C3BA19 /* Main.storyboard */ = {
			isa = PBXVariantGroup;
			children = (
				513B6EAC22C2A07100C3BA19 /* Base */,
			);
			name = Main.storyboard;
			sourceTree = "<group>";
		};
		513B6EB022C2A07300C3BA19 /* LaunchScreen.storyboard */ = {
			isa = PBXVariantGroup;
			children = (
				513B6EB122C2A07300C3BA19 /* Base */,
			);
			name = LaunchScreen.storyboard;
			sourceTree = "<group>";
		};
/* End PBXVariantGroup section */

/* Begin XCBuildConfiguration section */
		513B6EB422C2A07300C3BA19 /* Debug */ = {
			isa = XCBuildConfiguration;
			buildSettings = {
				ALWAYS_SEARCH_USER_PATHS = NO;
				CLANG_ANALYZER_NONNULL = YES;
				CLANG_ANALYZER_NUMBER_OBJECT_CONVERSION = YES_AGGRESSIVE;
				CLANG_CXX_LANGUAGE_STANDARD = "gnu++14";
				CLANG_CXX_LIBRARY = "libc++";
				CLANG_ENABLE_MODULES = YES;
				CLANG_ENABLE_OBJC_ARC = YES;
				CLANG_ENABLE_OBJC_WEAK = YES;
				CLANG_WARN_BLOCK_CAPTURE_AUTORELEASING = YES;
				CLANG_WARN_BOOL_CONVERSION = YES;
				CLANG_WARN_COMMA = YES;
				CLANG_WARN_CONSTANT_CONVERSION = YES;
				CLANG_WARN_DEPRECATED_OBJC_IMPLEMENTATIONS = YES;
				CLANG_WARN_DIRECT_OBJC_ISA_USAGE = YES_ERROR;
				CLANG_WARN_DOCUMENTATION_COMMENTS = YES;
				CLANG_WARN_EMPTY_BODY = YES;
				CLANG_WARN_ENUM_CONVERSION = YES;
				CLANG_WARN_INFINITE_RECURSION = YES;
				CLANG_WARN_INT_CONVERSION = YES;
				CLANG_WARN_NON_LITERAL_NULL_CONVERSION = YES;
				CLANG_WARN_OBJC_IMPLICIT_RETAIN_SELF = YES;
				CLANG_WARN_OBJC_LITERAL_CONVERSION = YES;
				CLANG_WARN_OBJC_ROOT_CLASS = YES_ERROR;
				CLANG_WARN_RANGE_LOOP_ANALYSIS = YES;
				CLANG_WARN_STRICT_PROTOTYPES = YES;
				CLANG_WARN_SUSPICIOUS_MOVE = YES;
				CLANG_WARN_UNGUARDED_AVAILABILITY = YES_AGGRESSIVE;
				CLANG_WARN_UNREACHABLE_CODE = YES;
				CLANG_WARN__DUPLICATE_METHOD_MATCH = YES;
				COPY_PHASE_STRIP = NO;
				DEBUG_INFORMATION_FORMAT = dwarf;
				ENABLE_STRICT_OBJC_MSGSEND = YES;
				ENABLE_TESTABILITY = YES;
				GCC_C_LANGUAGE_STANDARD = gnu11;
				GCC_DYNAMIC_NO_PIC = NO;
				GCC_NO_COMMON_BLOCKS = YES;
				GCC_OPTIMIZATION_LEVEL = 0;
				GCC_PREPROCESSOR_DEFINITIONS = (
					"DEBUG=1",
					"$(inherited)",
				);
				GCC_WARN_64_TO_32_BIT_CONVERSION = YES;
				GCC_WARN_ABOUT_RETURN_TYPE = YES_ERROR;
				GCC_WARN_UNDECLARED_SELECTOR = YES;
				GCC_WARN_UNINITIALIZED_AUTOS = YES_AGGRESSIVE;
				GCC_WARN_UNUSED_FUNCTION = YES;
				GCC_WARN_UNUSED_VARIABLE = YES;
				IPHONEOS_DEPLOYMENT_TARGET = 13.0;
				MTL_ENABLE_DEBUG_INFO = INCLUDE_SOURCE;
				MTL_FAST_MATH = YES;
				ONLY_ACTIVE_ARCH = YES;
				SDKROOT = iphoneos;
				SWIFT_ACTIVE_COMPILATION_CONDITIONS = DEBUG;
				SWIFT_OPTIMIZATION_LEVEL = "-Onone";
			};
			name = Debug;
		};
		513B6EB522C2A07300C3BA19 /* Release */ = {
			isa = XCBuildConfiguration;
			buildSettings = {
				ALWAYS_SEARCH_USER_PATHS = NO;
				CLANG_ANALYZER_NONNULL = YES;
				CLANG_ANALYZER_NUMBER_OBJECT_CONVERSION = YES_AGGRESSIVE;
				CLANG_CXX_LANGUAGE_STANDARD = "gnu++14";
				CLANG_CXX_LIBRARY = "libc++";
				CLANG_ENABLE_MODULES = YES;
				CLANG_ENABLE_OBJC_ARC = YES;
				CLANG_ENABLE_OBJC_WEAK = YES;
				CLANG_WARN_BLOCK_CAPTURE_AUTORELEASING = YES;
				CLANG_WARN_BOOL_CONVERSION = YES;
				CLANG_WARN_COMMA = YES;
				CLANG_WARN_CONSTANT_CONVERSION = YES;
				CLANG_WARN_DEPRECATED_OBJC_IMPLEMENTATIONS = YES;
				CLANG_WARN_DIRECT_OBJC_ISA_USAGE = YES_ERROR;
				CLANG_WARN_DOCUMENTATION_COMMENTS = YES;
				CLANG_WARN_EMPTY_BODY = YES;
				CLANG_WARN_ENUM_CONVERSION = YES;
				CLANG_WARN_INFINITE_RECURSION = YES;
				CLANG_WARN_INT_CONVERSION = YES;
				CLANG_WARN_NON_LITERAL_NULL_CONVERSION = YES;
				CLANG_WARN_OBJC_IMPLICIT_RETAIN_SELF = YES;
				CLANG_WARN_OBJC_LITERAL_CONVERSION = YES;
				CLANG_WARN_OBJC_ROOT_CLASS = YES_ERROR;
				CLANG_WARN_RANGE_LOOP_ANALYSIS = YES;
				CLANG_WARN_STRICT_PROTOTYPES = YES;
				CLANG_WARN_SUSPICIOUS_MOVE = YES;
				CLANG_WARN_UNGUARDED_AVAILABILITY = YES_AGGRESSIVE;
				CLANG_WARN_UNREACHABLE_CODE = YES;
				CLANG_WARN__DUPLICATE_METHOD_MATCH = YES;
				COPY_PHASE_STRIP = NO;
				DEBUG_INFORMATION_FORMAT = "dwarf-with-dsym";
				ENABLE_NS_ASSERTIONS = NO;
				ENABLE_STRICT_OBJC_MSGSEND = YES;
				GCC_C_LANGUAGE_STANDARD = gnu11;
				GCC_NO_COMMON_BLOCKS = YES;
				GCC_WARN_64_TO_32_BIT_CONVERSION = YES;
				GCC_WARN_ABOUT_RETURN_TYPE = YES_ERROR;
				GCC_WARN_UNDECLARED_SELECTOR = YES;
				GCC_WARN_UNINITIALIZED_AUTOS = YES_AGGRESSIVE;
				GCC_WARN_UNUSED_FUNCTION = YES;
				GCC_WARN_UNUSED_VARIABLE = YES;
				IPHONEOS_DEPLOYMENT_TARGET = 13.0;
				MTL_ENABLE_DEBUG_INFO = NO;
				MTL_FAST_MATH = YES;
				SDKROOT = iphoneos;
				SWIFT_COMPILATION_MODE = wholemodule;
				SWIFT_OPTIMIZATION_LEVEL = "-O";
				VALIDATE_PRODUCT = YES;
			};
			name = Release;
		};
		513B6EB722C2A07300C3BA19 /* Debug */ = {
			isa = XCBuildConfiguration;
			buildSettings = {
				ASSETCATALOG_COMPILER_APPICON_NAME = AppIcon;
				CODE_SIGN_ENTITLEMENTS = iRemember/iRemember.entitlements;
				CODE_SIGN_STYLE = Automatic;
				DEVELOPMENT_TEAM = 43HPDBHL29;
				INFOPLIST_FILE = iRemember/Info.plist;
				LD_RUNPATH_SEARCH_PATHS = (
					"$(inherited)",
					"@executable_path/Frameworks",
				);
				PRODUCT_BUNDLE_IDENTIFIER = com.timmikelj.iRemember;
				PRODUCT_NAME = "$(TARGET_NAME)";
				SWIFT_VERSION = 5.0;
				TARGETED_DEVICE_FAMILY = "1,2";
			};
			name = Debug;
		};
		513B6EB822C2A07300C3BA19 /* Release */ = {
			isa = XCBuildConfiguration;
			buildSettings = {
				ASSETCATALOG_COMPILER_APPICON_NAME = AppIcon;
				CODE_SIGN_ENTITLEMENTS = iRemember/iRemember.entitlements;
				CODE_SIGN_STYLE = Automatic;
				DEVELOPMENT_TEAM = 43HPDBHL29;
				INFOPLIST_FILE = iRemember/Info.plist;
				LD_RUNPATH_SEARCH_PATHS = (
					"$(inherited)",
					"@executable_path/Frameworks",
				);
				PRODUCT_BUNDLE_IDENTIFIER = com.timmikelj.iRemember;
				PRODUCT_NAME = "$(TARGET_NAME)";
				SWIFT_VERSION = 5.0;
				TARGETED_DEVICE_FAMILY = "1,2";
			};
			name = Release;
		};
/* End XCBuildConfiguration section */

/* Begin XCConfigurationList section */
		513B6E9D22C2A07100C3BA19 /* Build configuration list for PBXProject "iRemember" */ = {
			isa = XCConfigurationList;
			buildConfigurations = (
				513B6EB422C2A07300C3BA19 /* Debug */,
				513B6EB522C2A07300C3BA19 /* Release */,
			);
			defaultConfigurationIsVisible = 0;
			defaultConfigurationName = Release;
		};
		513B6EB622C2A07300C3BA19 /* Build configuration list for PBXNativeTarget "iRemember" */ = {
			isa = XCConfigurationList;
			buildConfigurations = (
				513B6EB722C2A07300C3BA19 /* Debug */,
				513B6EB822C2A07300C3BA19 /* Release */,
			);
			defaultConfigurationIsVisible = 0;
			defaultConfigurationName = Release;
		};
/* End XCConfigurationList section */
	};
	rootObject = 513B6E9A22C2A07100C3BA19 /* Project object */;
}
